
Microsoft Visual Studio Solution File, Format Version 12.00
# Visual Studio Version 16
VisualStudioVersion = 16.0.30114.105
MinimumVisualStudioVersion = 10.0.40219.1
Project("{9A19103F-16F7-4668-BE54-9A1E7A4F7556}") = "Triwinds.UI", "Triwinds.UI\Triwinds.UI.csproj", "{BB7C2825-45BA-4FAA-A514-F7C04366FDC8}"
EndProject
Project("{FAE04EC0-301F-11D3-BF4B-00C04F79EFBC}") = "Triwinds.Engine", "Triwinds.Engine\Triwinds.Engine.csproj", "{F9F23DBA-1191-46B9-9D03-B1950D522656}"
EndProject
Global
	GlobalSection(SolutionConfigurationPlatforms) = preSolution
		Debug|Any CPU = Debug|Any CPU
		Release|Any CPU = Release|Any CPU
	EndGlobalSection
	GlobalSection(ProjectConfigurationPlatforms) = postSolution
		{BB7C2825-45BA-4FAA-A514-F7C04366FDC8}.Debug|Any CPU.ActiveCfg = Debug|Any CPU
		{BB7C2825-45BA-4FAA-A514-F7C04366FDC8}.Debug|Any CPU.Build.0 = Debug|Any CPU
		{BB7C2825-45BA-4FAA-A514-F7C04366FDC8}.Release|Any CPU.ActiveCfg = Release|Any CPU
		{BB7C2825-45BA-4FAA-A514-F7C04366FDC8}.Release|Any CPU.Build.0 = Release|Any CPU
		{F9F23DBA-1191-46B9-9D03-B1950D522656}.Debug|Any CPU.ActiveCfg = Debug|Any CPU
		{F9F23DBA-1191-46B9-9D03-B1950D522656}.Debug|Any CPU.Build.0 = Debug|Any CPU
		{F9F23DBA-1191-46B9-9D03-B1950D522656}.Release|Any CPU.ActiveCfg = Release|Any CPU
		{F9F23DBA-1191-46B9-9D03-B1950D522656}.Release|Any CPU.Build.0 = Release|Any CPU
	EndGlobalSection
	GlobalSection(SolutionProperties) = preSolution
		HideSolutionNode = FALSE
	EndGlobalSection
	GlobalSection(ExtensibilityGlobals) = postSolution
		SolutionGuid = {79E14B02-7B08-4F44-BCA6-6AFED68A7530}
	EndGlobalSection
EndGlobal
